
Microsoft Visual Studio Solution File, Format Version 12.00
# Visual Studio Version 17
VisualStudioVersion = 17.12.35514.174 d17.12
MinimumVisualStudioVersion = 10.0.40219.1
Project("{FAE04EC0-301F-11D3-BF4B-00C04F79EFBC}") = "TareaDDD", "TareaDDD\TareaDDD.csproj", "{30AFBD0B-B5A6-4AC1-840F-6D962D163B7F}"
EndProject
Project("{FAE04EC0-301F-11D3-BF4B-00C04F79EFBC}") = "Application", "Aplicacion\Application.csproj", "{9A7E44E5-A135-47CC-AEF4-ED4FBF411FF3}"
EndProject
Project("{FAE04EC0-301F-11D3-BF4B-00C04F79EFBC}") = "Core", "Core\Core.csproj", "{AA1D12D2-6090-4F0C-87E6-0282A0262C61}"
EndProject
Project("{FAE04EC0-301F-11D3-BF4B-00C04F79EFBC}") = "Infrastructure", "Infrastructure\Infrastructure.csproj", "{266D40C2-3E1C-4273-9BB3-DBBE18E45B82}"
EndProject
Global
	GlobalSection(SolutionConfigurationPlatforms) = preSolution
		Debug|Any CPU = Debug|Any CPU
		Release|Any CPU = Release|Any CPU
	EndGlobalSection
	GlobalSection(ProjectConfigurationPlatforms) = postSolution
		{30AFBD0B-B5A6-4AC1-840F-6D962D163B7F}.Debug|Any CPU.ActiveCfg = Debug|Any CPU
		{30AFBD0B-B5A6-4AC1-840F-6D962D163B7F}.Debug|Any CPU.Build.0 = Debug|Any CPU
		{30AFBD0B-B5A6-4AC1-840F-6D962D163B7F}.Release|Any CPU.ActiveCfg = Release|Any CPU
		{30AFBD0B-B5A6-4AC1-840F-6D962D163B7F}.Release|Any CPU.Build.0 = Release|Any CPU
		{9A7E44E5-A135-47CC-AEF4-ED4FBF411FF3}.Debug|Any CPU.ActiveCfg = Debug|Any CPU
		{9A7E44E5-A135-47CC-AEF4-ED4FBF411FF3}.Debug|Any CPU.Build.0 = Debug|Any CPU
		{9A7E44E5-A135-47CC-AEF4-ED4FBF411FF3}.Release|Any CPU.ActiveCfg = Release|Any CPU
		{9A7E44E5-A135-47CC-AEF4-ED4FBF411FF3}.Release|Any CPU.Build.0 = Release|Any CPU
		{AA1D12D2-6090-4F0C-87E6-0282A0262C61}.Debug|Any CPU.ActiveCfg = Debug|Any CPU
		{AA1D12D2-6090-4F0C-87E6-0282A0262C61}.Debug|Any CPU.Build.0 = Debug|Any CPU
		{AA1D12D2-6090-4F0C-87E6-0282A0262C61}.Release|Any CPU.ActiveCfg = Release|Any CPU
		{AA1D12D2-6090-4F0C-87E6-0282A0262C61}.Release|Any CPU.Build.0 = Release|Any CPU
		{266D40C2-3E1C-4273-9BB3-DBBE18E45B82}.Debug|Any CPU.ActiveCfg = Debug|Any CPU
		{266D40C2-3E1C-4273-9BB3-DBBE18E45B82}.Debug|Any CPU.Build.0 = Debug|Any CPU
		{266D40C2-3E1C-4273-9BB3-DBBE18E45B82}.Release|Any CPU.ActiveCfg = Release|Any CPU
		{266D40C2-3E1C-4273-9BB3-DBBE18E45B82}.Release|Any CPU.Build.0 = Release|Any CPU
	EndGlobalSection
	GlobalSection(SolutionProperties) = preSolution
		HideSolutionNode = FALSE
	EndGlobalSection
EndGlobal
